
Microsoft Visual Studio Solution File, Format Version 12.00
# Visual Studio Version 17
VisualStudioVersion = 17.8.34316.72
MinimumVisualStudioVersion = 10.0.40219.1
Project("{FAE04EC0-301F-11D3-BF4B-00C04F79EFBC}") = "QuanLySanBongMini", "QuanLySanBongMini\QuanLySanBongMini.csproj", "{B7D4EA70-804F-4295-A143-297FB38F9A4B}"
EndProject
Global
	GlobalSection(SolutionConfigurationPlatforms) = preSolution
		Debug|Any CPU = Debug|Any CPU
		Release|Any CPU = Release|Any CPU
	EndGlobalSection
	GlobalSection(ProjectConfigurationPlatforms) = postSolution
		{B7D4EA70-804F-4295-A143-297FB38F9A4B}.Debug|Any CPU.ActiveCfg = Debug|Any CPU
		{B7D4EA70-804F-4295-A143-297FB38F9A4B}.Debug|Any CPU.Build.0 = Debug|Any CPU
		{B7D4EA70-804F-4295-A143-297FB38F9A4B}.Release|Any CPU.ActiveCfg = Release|Any CPU
		{B7D4EA70-804F-4295-A143-297FB38F9A4B}.Release|Any CPU.Build.0 = Release|Any CPU
	EndGlobalSection
	GlobalSection(SolutionProperties) = preSolution
		HideSolutionNode = FALSE
	EndGlobalSection
	GlobalSection(ExtensibilityGlobals) = postSolution
		SolutionGuid = {DD304225-9F53-46FA-A967-FD3639D6B628}
	EndGlobalSection
EndGlobal
